[[package]]
category = "main"
description = "Screen-scraping library"
name = "beautifulsoup4"
optional = false
python-versions = "*"
version = "4.8.2"

[package.dependencies]
soupsieve = ">=1.2"

[[package]]
category = "main"
description = "Python package for providing Mozilla's CA Bundle."
name = "certifi"
optional = false
python-versions = "*"
version = "2019.11.28"

[[package]]
category = "main"
description = "Universal encoding detector for Python 2 and 3"
name = "chardet"
optional = false
python-versions = "*"
version = "3.0.4"

[[package]]
category = "main"
description = "Composable command line interface toolkit"
name = "click"
optional = false
python-versions = ">=2.7, !=3.0.*, !=3.1.*, !=3.2.*, !=3.3.*"
version = "7.0"

[[package]]
category = "main"
description = "Internationalized Domain Names in Applications (IDNA)"
name = "idna"
optional = false
python-versions = ">=2.7, !=3.0.*, !=3.1.*, !=3.2.*, !=3.3.*"
version = "2.9"

[[package]]
category = "main"
description = "Easy-to-use, Pythonic and complete IMAP client library"
name = "imapclient"
optional = false
python-versions = "*"
version = "2.1.0"

[package.dependencies]
six = "*"

[[package]]
category = "main"
description = "Kaggle API"
name = "kaggle"
optional = false
python-versions = "*"
version = "1.5.6"

[package.dependencies]
certifi = "*"
python-dateutil = "*"
python-slugify = "*"
requests = "*"
six = ">=1.10"
tqdm = "*"
urllib3 = ">=1.21.1,<1.25"

[[package]]
category = "main"
description = "Powerful and Pythonic XML processing library combining libxml2/libxslt with the ElementTree API."
name = "lxml"
optional = false
python-versions = ">=2.7, !=3.0.*, !=3.1.*, !=3.2.*, !=3.3.*, != 3.4.*"
version = "4.5.0"

[[package]]
category = "main"
description = "Extensions to the standard Python datetime module"
name = "python-dateutil"
optional = false
python-versions = "!=3.0.*,!=3.1.*,!=3.2.*,>=2.7"
version = "2.8.1"

[package.dependencies]
six = ">=1.5"

[[package]]
category = "main"
description = "Strict separation of settings from code."
name = "python-decouple"
optional = false
python-versions = "*"
version = "3.3"

[[package]]
category = "main"
description = "A Python Slugify application that handles Unicode"
name = "python-slugify"
optional = false
python-versions = ">=2.7, !=3.0.*, !=3.1.*, !=3.2.*, !=3.3.*, !=3.4.*"
version = "4.0.0"

[package.dependencies]
text-unidecode = ">=1.3"

[[package]]
category = "main"
description = "Python HTTP for Humans."
name = "requests"
optional = false
python-versions = ">=2.7, !=3.0.*, !=3.1.*, !=3.2.*, !=3.3.*, !=3.4.*"
version = "2.23.0"

[package.dependencies]
certifi = ">=2017.4.17"
chardet = ">=3.0.2,<4"
idna = ">=2.5,<3"
urllib3 = ">=1.21.1,<1.25.0 || >1.25.0,<1.25.1 || >1.25.1,<1.26"

[[package]]
category = "main"
description = "Python 2 and 3 compatibility utilities"
name = "six"
optional = false
python-versions = ">=2.7, !=3.0.*, !=3.1.*, !=3.2.*"
version = "1.14.0"

[[package]]
category = "main"
description = "A modern CSS selector implementation for Beautiful Soup."
name = "soupsieve"
optional = false
python-versions = ">=3.5"
version = "2.0"

[[package]]
category = "main"
description = "The most basic Text::Unidecode port"
name = "text-unidecode"
optional = false
python-versions = "*"
version = "1.3"

[[package]]
category = "main"
description = "Fast, Extensible Progress Meter"
name = "tqdm"
optional = false
python-versions = ">=2.6, !=3.0.*, !=3.1.*"
version = "4.43.0"

[[package]]
category = "main"
description = "HTTP library with thread-safe connection pooling, file post, and more."
name = "urllib3"
optional = false
python-versions = ">=2.7, !=3.0.*, !=3.1.*, !=3.2.*, !=3.3.*, <4"
version = "1.24.3"

[metadata]
content-hash = "f8f4bd74ef9bbec48cbe7a37d90beab2dd7efdc5e228cd8d6011478bf8476d53"
python-versions = "^3.7"

[metadata.hashes]
beautifulsoup4 = ["05fd825eb01c290877657a56df4c6e4c311b3965bda790c613a3d6fb01a5462a", "9fbb4d6e48ecd30bcacc5b63b94088192dcda178513b2ae3c394229f8911b887", "e1505eeed31b0f4ce2dbb3bc8eb256c04cc2b3b72af7d551a4ab6efd5cbe5dae"]
certifi = ["017c25db2a153ce562900032d5bc68e9f191e44e9a0f762f373977de9df1fbb3", "25b64c7da4cd7479594d035c08c2d809eb4aab3a26e5a990ea98cc450c320f1f"]
chardet = ["84ab92ed1c4d4f16916e05906b6b75a6c0fb5db821cc65e70cbd64a3e2a5eaae", "fc323ffcaeaed0e0a02bf4d117757b98aed530d9ed4531e3e15460124c106691"]
click = ["2335065e6395b9e67ca716de5f7526736bfa6ceead690adf616d925bdc622b13", "5b94b49521f6456670fdb30cd82a4eca9412788a93fa6dd6df72c94d5a8ff2d7"]
idna = ["7588d1c14ae4c77d74036e8c22ff447b26d0fde8f007354fd48a7814db15b7cb", "a068a21ceac8a4d63dbfd964670474107f541babbd2250d61922f029858365fa"]
imapclient = ["3eeb97b9aa8faab0caa5024d74bfde59408fbd542781246f6960873c7bf0dd01", "60ba79758cc9f13ec910d7a3df9acaaf2bb6c458720d9a02ec33a41352fd1b99"]
kaggle = ["3c2c097dca964b9a891bf3407a3164be19e40857c7c5cc2c5fef323adfccb838"]
lxml = ["06d4e0bbb1d62e38ae6118406d7cdb4693a3fa34ee3762238bcb96c9e36a93cd", "0701f7965903a1c3f6f09328c1278ac0eee8f56f244e66af79cb224b7ef3801c", "1f2c4ec372bf1c4a2c7e4bb20845e8bcf8050365189d86806bad1e3ae473d081", "4235bc124fdcf611d02047d7034164897ade13046bda967768836629bc62784f", "5828c7f3e615f3975d48f40d4fe66e8a7b25f16b5e5705ffe1d22e43fb1f6261", "585c0869f75577ac7a8ff38d08f7aac9033da2c41c11352ebf86a04652758b7a", "5d467ce9c5d35b3bcc7172c06320dddb275fea6ac2037f72f0a4d7472035cea9", "63dbc21efd7e822c11d5ddbedbbb08cd11a41e0032e382a0fd59b0b08e405a3a", "7bc1b221e7867f2e7ff1933165c0cec7153dce93d0cdba6554b42a8beb687bdb", "8620ce80f50d023d414183bf90cc2576c2837b88e00bea3f33ad2630133bbb60", "8a0ebda56ebca1a83eb2d1ac266649b80af8dd4b4a3502b2c1e09ac2f88fe128", "90ed0e36455a81b25b7034038e40880189169c308a3df360861ad74da7b68c1a", "95e67224815ef86924fbc2b71a9dbd1f7262384bca4bc4793645794ac4200717", "afdb34b715daf814d1abea0317b6d672476b498472f1e5aacbadc34ebbc26e89", "b4b2c63cc7963aedd08a5f5a454c9f67251b1ac9e22fd9d72836206c42dc2a72", "d068f55bda3c2c3fcaec24bd083d9e2eede32c583faf084d6e4b9daaea77dde8", "d5b3c4b7edd2e770375a01139be11307f04341ec709cf724e0f26ebb1eef12c3", "deadf4df349d1dcd7b2853a2c8796593cc346600726eff680ed8ed11812382a7", "df533af6f88080419c5a604d0d63b2c33b1c0c4409aba7d0cb6de305147ea8c8", "e4aa948eb15018a657702fee0b9db47e908491c64d36b4a90f59a64741516e77", "e5d842c73e4ef6ed8c1bd77806bf84a7cb535f9c0cf9b2c74d02ebda310070e1", "ebec08091a22c2be870890913bdadd86fcd8e9f0f22bcb398abd3af914690c15", "edc15fcfd77395e24543be48871c251f38132bb834d9fdfdad756adb6ea37679", "f2b74784ed7e0bc2d02bd53e48ad6ba523c9b36c194260b7a5045071abbb1012", "fa071559f14bd1e92077b1b5f6c22cf09756c6de7139370249eb372854ce51e6", "fd52e796fee7171c4361d441796b64df1acfceb51f29e545e812f16d023c4bbc", "fe976a0f1ef09b3638778024ab9fb8cde3118f203364212c198f71341c0715ca"]
python-dateutil = ["73ebfe9dbf22e832286dafa60473e4cd239f8592f699aa5adaf10050e6e1823c", "75bb3f31ea686f1197762692a9ee6a7550b59fc6ca3a1f4b5d7e32fb98e2da2a"]
python-decouple = ["55c546b85b0c47a15a47a4312d451a437f7344a9be3e001660bccd93b637de95"]
python-slugify = ["a8fc3433821140e8f409a9831d13ae5deccd0b033d4744d94b31fea141bdd84c"]
requests = ["43999036bfa82904b6af1d99e4882b560e5e2c68e5c4b0aa03b655f3d7d73fee", "b3f43d496c6daba4493e7c431722aeb7dbc6288f52a6e04e7b6023b0247817e6"]
six = ["236bdbdce46e6e6a3d61a337c0f8b763ca1e8717c03b369e87a7ec7ce1319c0a", "8f3cd2e254d8f793e7f3d6d9df77b92252b52637291d0f0da013c76ea2724b6c"]
soupsieve = ["e914534802d7ffd233242b785229d5ba0766a7f487385e3f714446a07bf540ae", "fcd71e08c0aee99aca1b73f45478549ee7e7fc006d51b37bec9e9def7dc22b69"]
text-unidecode = ["1311f10e8b895935241623731c2ba64f4c455287888b18189350b67134a822e8", "bad6603bb14d279193107714b288be206cac565dfa49aa5b105294dd5c4aab93"]
tqdm = ["0d8b5afb66e23d80433102e9bd8b5c8b65d34c2a2255b2de58d97bd2ea8170fd", "f35fb121bafa030bd94e74fcfd44f3c2830039a2ddef7fc87ef1c2d205237b24"]
urllib3 = ["2393a695cd12afedd0dcb26fe5d50d0cf248e5a66f75dbd89a3d4eb333a61af4", "a637e5fae88995b256e3409dc4d52c2e2e0ba32c42a6365fee8bbd2238de3cfb"]
